
Microsoft Visual Studio Solution File, Format Version 12.00
# Visual Studio Version 17
VisualStudioVersion = 17.3.32811.315
MinimumVisualStudioVersion = 10.0.40219.1
Project("{FAE04EC0-301F-11D3-BF4B-00C04F79EFBC}") = "ToDoApp", "ToDoApp\ToDoApp.csproj", "{4EB467CB-EEC1-4C97-80AE-C890C88CCA88}"
EndProject
Global
	GlobalSection(SolutionConfigurationPlatforms) = preSolution
		Debug|Any CPU = Debug|Any CPU
		Release|Any CPU = Release|Any CPU
	EndGlobalSection
	GlobalSection(ProjectConfigurationPlatforms) = postSolution
		{4EB467CB-EEC1-4C97-80AE-C890C88CCA88}.Debug|Any CPU.ActiveCfg = Debug|Any CPU
		{4EB467CB-EEC1-4C97-80AE-C890C88CCA88}.Debug|Any CPU.Build.0 = Debug|Any CPU
		{4EB467CB-EEC1-4C97-80AE-C890C88CCA88}.Release|Any CPU.ActiveCfg = Release|Any CPU
		{4EB467CB-EEC1-4C97-80AE-C890C88CCA88}.Release|Any CPU.Build.0 = Release|Any CPU
	EndGlobalSection
	GlobalSection(SolutionProperties) = preSolution
		HideSolutionNode = FALSE
	EndGlobalSection
	GlobalSection(ExtensibilityGlobals) = postSolution
		SolutionGuid = {B8DD3D7D-5DC9-46EA-8910-4795B65579DE}
	EndGlobalSection
EndGlobal
